// !$*UTF8*$!
{
	archiveVersion = 1;
	classes = {
	};
	objectVersion = 46;
	objects = {

/* Begin PBXBuildFile section */
		18B418D51AB3084800F6C906 /* BaseVC.m in Sources */ = {isa = PBXBuildFile; fileRef = 18B418D41AB3084800F6C906 /* BaseVC.m */; };
		EA561B661AB0112900559D26 /* main.m in Sources */ = {isa = PBXBuildFile; fileRef = EA561B651AB0112900559D26 /* main.m */; };
		EA561B691AB0112900559D26 /* AppDelegate.m in Sources */ = {isa = PBXBuildFile; fileRef = EA561B681AB0112900559D26 /* AppDelegate.m */; };
		EA561B6B1AB0112900559D26 /* Images.xcassets in Resources */ = {isa = PBXBuildFile; fileRef = EA561B6A1AB0112900559D26 /* Images.xcassets */; };
		EA561B6E1AB0112900559D26 /* LaunchScreen.xib in Resources */ = {isa = PBXBuildFile; fileRef = EA561B6C1AB0112900559D26 /* LaunchScreen.xib */; };
		EA561B7A1AB0112900559D26 /* WKAlertViewDemoTests.m in Sources */ = {isa = PBXBuildFile; fileRef = EA561B791AB0112900559D26 /* WKAlertViewDemoTests.m */; };
		EA561B851AB0114100559D26 /* WKAlertView.m in Sources */ = {isa = PBXBuildFile; fileRef = EA561B841AB0114100559D26 /* WKAlertView.m */; };
		EA561B881AB0115000559D26 /* VC.m in Sources */ = {isa = PBXBuildFile; fileRef = EA561B871AB0115000559D26 /* VC.m */; };
/* End PBXBuildFile section */

/* Begin PBXContainerItemProxy section */
		EA561B741AB0112900559D26 /* PBXContainerItemProxy */ = {
			isa = PBXContainerItemProxy;
			containerPortal = EA561B581AB0112900559D26 /* Project object */;
			proxyType = 1;
			remoteGlobalIDString = EA561B5F1AB0112900559D26;
			remoteInfo = WKAlertViewDemo;
		};
/* End PBXContainerItemProxy section */

/* Begin PBXFileReference section */
		18B418D31AB3084800F6C906 /* BaseVC.h */ = {isa = PBXFileReference; fileEncoding = 4; lastKnownFileType = sourcecode.c.h; path = BaseVC.h; sourceTree = "<group>"; };
		18B418D41AB3084800F6C906 /* BaseVC.m */ = {isa = PBXFileReference; fileEncoding = 4; lastKnownFileType = sourcecode.c.objc; path = BaseVC.m; sourceTree = "<group>"; };
		EA561B601AB0112900559D26 /* WKAlertViewDemo.app */ = {isa = PBXFileReference; explicitFileType = wrapper.application; includeInIndex = 0; path = WKAlertViewDemo.app; sourceTree = BUILT_PRODUCTS_DIR; };
		EA561B641AB0112900559D26 /* Info.plist */ = {isa = PBXFileReference; lastKnownFileType = text.plist.xml; path = Info.plist; sourceTree = "<group>"; };
		EA561B651AB0112900559D26 /* main.m */ = {isa = PBXFileReference; lastKnownFileType = sourcecode.c.objc; path = main.m; sourceTree = "<group>"; };
		EA561B671AB0112900559D26 /* AppDelegate.h */ = {isa = PBXFileReference; lastKnownFileType = sourcecode.c.h; path = AppDelegate.h; sourceTree = "<group>"; };
		EA561B681AB0112900559D26 /* AppDelegate.m */ = {isa = PBXFileReference; lastKnownFileType = sourcecode.c.objc; path = AppDelegate.m; sourceTree = "<group>"; };
		EA561B6A1AB0112900559D26 /* Images.xcassets */ = {isa = PBXFileReference; lastKnownFileType = folder.assetcatalog; path = Images.xcassets; sourceTree = "<group>"; };
		EA561B6D1AB0112900559D26 /* Base */ = {isa = PBXFileReference; lastKnownFileType = file.xib; name = Base; path = Base.lproj/LaunchScreen.xib; sourceTree = "<group>"; };
		EA561B731AB0112900559D26 /* WKAlertViewDemoTests.xctest */ = {isa = PBXFileReference; explicitFileType = wrapper.cfbundle; includeInIndex = 0; path = WKAlertViewDemoTests.xctest; sourceTree = BUILT_PRODUCTS_DIR; };
		EA561B781AB0112900559D26 /* Info.plist */ = {isa = PBXFileReference; lastKnownFileType = text.plist.xml; path = Info.plist; sourceTree = "<group>"; };
		EA561B791AB0112900559D26 /* WKAlertViewDemoTests.m */ = {isa = PBXFileReference; lastKnownFileType = sourcecode.c.objc; path = WKAlertViewDemoTests.m; sourceTree = "<group>"; };
		EA561B831AB0114100559D26 /* WKAlertView.h */ = {isa = PBXFileReference; fileEncoding = 4; lastKnownFileType = sourcecode.c.h; path = WKAlertView.h; sourceTree = "<group>"; };
		EA561B841AB0114100559D26 /* WKAlertView.m */ = {isa = PBXFileReference; fileEncoding = 4; lastKnownFileType = sourcecode.c.objc; path = WKAlertView.m; sourceTree = "<group>"; };
		EA561B861AB0115000559D26 /* VC.h */ = {isa = PBXFileReference; fileEncoding = 4; lastKnownFileType = sourcecode.c.h; path = VC.h; sourceTree = "<group>"; };
		EA561B871AB0115000559D26 /* VC.m */ = {isa = PBXFileReference; fileEncoding = 4; lastKnownFileType = sourcecode.c.objc; path = VC.m; sourceTree = "<group>"; };
/* End PBXFileReference section */

/* Begin PBXFrameworksBuildPhase section */
		EA561B5D1AB0112900559D26 /* Frameworks */ = {
			isa = PBXFrameworksBuildPhase;
			buildActionMask = 2147483647;
			files = (
			);
			runOnlyForDeploymentPostprocessing = 0;
		};
		EA561B701AB0112900559D26 /* Frameworks */ = {
			isa = PBXFrameworksBuildPhase;
			buildActionMask = 2147483647;
			files = (
			);
			runOnlyForDeploymentPostprocessing = 0;
		};
/* End PBXFrameworksBuildPhase section */

/* Begin PBXGroup section */
		EA561B571AB0112900559D26 = {
			isa = PBXGroup;
			children = (
				EA561B621AB0112900559D26 /* WKAlertViewDemo */,
				EA561B761AB0112900559D26 /* WKAlertViewDemoTests */,
				EA561B611AB0112900559D26 /* Products */,
			);
			sourceTree = "<group>";
		};
		EA561B611AB0112900559D26 /* Products */ = {
			isa = PBXGroup;
			children = (
				EA561B601AB0112900559D26 /* WKAlertViewDemo.app */,
				EA561B731AB0112900559D26 /* WKAlertViewDemoTests.xctest */,
			);
			name = Products;
			sourceTree = "<group>";
		};
		EA561B621AB0112900559D26 /* WKAlertViewDemo */ = {
			isa = PBXGroup;
			children = (
				EA561B671AB0112900559D26 /* AppDelegate.h */,
				EA561B681AB0112900559D26 /* AppDelegate.m */,
				EA561B861AB0115000559D26 /* VC.h */,
				EA561B871AB0115000559D26 /* VC.m */,
				18B418D31AB3084800F6C906 /* BaseVC.h */,
				18B418D41AB3084800F6C906 /* BaseVC.m */,
				EA561B831AB0114100559D26 /* WKAlertView.h */,
				EA561B841AB0114100559D26 /* WKAlertView.m */,
				EA561B6A1AB0112900559D26 /* Images.xcassets */,
				EA561B6C1AB0112900559D26 /* LaunchScreen.xib */,
				EA561B631AB0112900559D26 /* Supporting Files */,
			);
			path = WKAlertViewDemo;
			sourceTree = "<group>";
		};
		EA561B631AB0112900559D26 /* Supporting Files */ = {
			isa = PBXGroup;
			children = (
				EA561B641AB0112900559D26 /* Info.plist */,
				EA561B651AB0112900559D26 /* main.m */,
			);
			name = "Supporting Files";
			sourceTree = "<group>";
		};
		EA561B761AB0112900559D26 /* WKAlertViewDemoTests */ = {
			isa = PBXGroup;
			children = (
				EA561B791AB0112900559D26 /* WKAlertViewDemoTests.m */,
				EA561B771AB0112900559D26 /* Supporting Files */,
			);
			path = WKAlertViewDemoTests;
			sourceTree = "<group>";
		};
		EA561B771AB0112900559D26 /* Supporting Files */ = {
			isa = PBXGroup;
			children = (
				EA561B781AB0112900559D26 /* Info.plist */,
			);
			name = "Supporting Files";
			sourceTree = "<group>";
		};
/* End PBXGroup section */

/* Begin PBXNativeTarget section */
		EA561B5F1AB0112900559D26 /* WKAlertViewDemo */ = {
			isa = PBXNativeTarget;
			buildConfigurationList = EA561B7D1AB0112900559D26 /* Build configuration list for PBXNativeTarget "WKAlertViewDemo" */;
			buildPhases = (
				EA561B5C1AB0112900559D26 /* Sources */,
				EA561B5D1AB0112900559D26 /* Frameworks */,
				EA561B5E1AB0112900559D26 /* Resources */,
			);
			buildRules = (
			);
			dependencies = (
			);
			name = WKAlertViewDemo;
			productName = WKAlertViewDemo;
			productReference = EA561B601AB0112900559D26 /* WKAlertViewDemo.app */;
			productType = "com.apple.product-type.application";
		};
		EA561B721AB0112900559D26 /* WKAlertViewDemoTests */ = {
			isa = PBXNativeTarget;
			buildConfigurationList = EA561B801AB0112900559D26 /* Build configuration list for PBXNativeTarget "WKAlertViewDemoTests" */;
			buildPhases = (
				EA561B6F1AB0112900559D26 /* Sources */,
				EA561B701AB0112900559D26 /* Frameworks */,
				EA561B711AB0112900559D26 /* Resources */,
			);
			buildRules = (
			);
			dependencies = (
				EA561B751AB0112900559D26 /* PBXTargetDependency */,
			);
			name = WKAlertViewDemoTests;
			productName = WKAlertViewDemoTests;
			productReference = EA561B731AB0112900559D26 /* WKAlertViewDemoTests.xctest */;
			productType = "com.apple.product-type.bundle.unit-test";
		};
/* End PBXNativeTarget section */

/* Begin PBXProject section */
		EA561B581AB0112900559D26 /* Project object */ = {
			isa = PBXProject;
			attributes = {
				LastUpgradeCheck = 0610;
				ORGANIZATIONNAME = "王琨";
				TargetAttributes = {
					EA561B5F1AB0112900559D26 = {
						CreatedOnToolsVersion = 6.1.1;
					};
					EA561B721AB0112900559D26 = {
						CreatedOnToolsVersion = 6.1.1;
						TestTargetID = EA561B5F1AB0112900559D26;
					};
				};
			};
			buildConfigurationList = EA561B5B1AB0112900559D26 /* Build configuration list for PBXProject "WKAlertViewDemo" */;
			compatibilityVersion = "Xcode 3.2";
			developmentRegion = English;
			hasScannedForEncodings = 0;
			knownRegions = (
				en,
				Base,
			);
			mainGroup = EA561B571AB0112900559D26;
			productRefGroup = EA561B611AB0112900559D26 /* Products */;
			projectDirPath = "";
			projectRoot = "";
			targets = (
				EA561B5F1AB0112900559D26 /* WKAlertViewDemo */,
				EA561B721AB0112900559D26 /* WKAlertViewDemoTests */,
			);
		};
/* End PBXProject section */

/* Begin PBXResourcesBuildPhase section */
		EA561B5E1AB0112900559D26 /* Resources */ = {
			isa = PBXResourcesBuildPhase;
			buildActionMask = 2147483647;
			files = (
				EA561B6E1AB0112900559D26 /* LaunchScreen.xib in Resources */,
				EA561B6B1AB0112900559D26 /* Images.xcassets in Resources */,
			);
			runOnlyForDeploymentPostprocessing = 0;
		};
		EA561B711AB0112900559D26 /* Resources */ = {
			isa = PBXResourcesBuildPhase;
			buildActionMask = 2147483647;
			files = (
			);
			runOnlyForDeploymentPostprocessing = 0;
		};
/* End PBXResourcesBuildPhase section */

/* Begin PBXSourcesBuildPhase section */
		EA561B5C1AB0112900559D26 /* Sources */ = {
			isa = PBXSourcesBuildPhase;
			buildActionMask = 2147483647;
			files = (
				EA561B881AB0115000559D26 /* VC.m in Sources */,
				EA561B851AB0114100559D26 /* WKAlertView.m in Sources */,
				EA561B691AB0112900559D26 /* AppDelegate.m in Sources */,
				18B418D51AB3084800F6C906 /* BaseVC.m in Sources */,
				EA561B661AB0112900559D26 /* main.m in Sources */,
			);
			runOnlyForDeploymentPostprocessing = 0;
		};
		EA561B6F1AB0112900559D26 /* Sources */ = {
			isa = PBXSourcesBuildPhase;
			buildActionMask = 2147483647;
			files = (
				EA561B7A1AB0112900559D26 /* WKAlertViewDemoTests.m in Sources */,
			);
			runOnlyForDeploymentPostprocessing = 0;
		};
/* End PBXSourcesBuildPhase section */

/* Begin PBXTargetDependency section */
		EA561B751AB0112900559D26 /* PBXTargetDependency */ = {
			isa = PBXTargetDependency;
			target = EA561B5F1AB0112900559D26 /* WKAlertViewDemo */;
			targetProxy = EA561B741AB0112900559D26 /* PBXContainerItemProxy */;
		};
/* End PBXTargetDependency section */

/* Begin PBXVariantGroup section */
		EA561B6C1AB0112900559D26 /* LaunchScreen.xib */ = {
			isa = PBXVariantGroup;
			children = (
				EA561B6D1AB0112900559D26 /* Base */,
			);
			name = LaunchScreen.xib;
			sourceTree = "<group>";
		};
/* End PBXVariantGroup section */

/* Begin XCBuildConfiguration section */
		EA561B7B1AB0112900559D26 /* Debug */ = {
			isa = XCBuildConfiguration;
			buildSettings = {
				ALWAYS_SEARCH_USER_PATHS = NO;
				CLANG_CXX_LANGUAGE_STANDARD = "gnu++0x";
				CLANG_CXX_LIBRARY = "libc++";
				CLANG_ENABLE_MODULES = YES;
				CLANG_ENABLE_OBJC_ARC = YES;
				CLANG_WARN_BOOL_CONVERSION = YES;
				CLANG_WARN_CONSTANT_CONVERSION = YES;
				CLANG_WARN_DIRECT_OBJC_ISA_USAGE = YES_ERROR;
				CLANG_WARN_EMPTY_BODY = YES;
				CLANG_WARN_ENUM_CONVERSION = YES;
				CLANG_WARN_INT_CONVERSION = YES;
				CLANG_WARN_OBJC_ROOT_CLASS = YES_ERROR;
				CLANG_WARN_UNREACHABLE_CODE = YES;
				CLANG_WARN__DUPLICATE_METHOD_MATCH = YES;
				"CODE_SIGN_IDENTITY[sdk=iphoneos*]" = "iPhone Developer";
				COPY_PHASE_STRIP = NO;
				ENABLE_STRICT_OBJC_MSGSEND = YES;
				GCC_C_LANGUAGE_STANDARD = gnu99;
				GCC_DYNAMIC_NO_PIC = NO;
				GCC_OPTIMIZATION_LEVEL = 0;
				GCC_PREPROCESSOR_DEFINITIONS = (
					"DEBUG=1",
					"$(inherited)",
				);
				GCC_SYMBOLS_PRIVATE_EXTERN = NO;
				GCC_WARN_64_TO_32_BIT_CONVERSION = YES;
				GCC_WARN_ABOUT_RETURN_TYPE = YES_ERROR;
				GCC_WARN_UNDECLARED_SELECTOR = YES;
				GCC_WARN_UNINITIALIZED_AUTOS = YES_AGGRESSIVE;
				GCC_WARN_UNUSED_FUNCTION = YES;
				GCC_WARN_UNUSED_VARIABLE = YES;
				IPHONEOS_DEPLOYMENT_TARGET = 8.1;
				MTL_ENABLE_DEBUG_INFO = YES;
				ONLY_ACTIVE_ARCH = YES;
				SDKROOT = iphoneos;
				TARGETED_DEVICE_FAMILY = "1,2";
			};
			name = Debug;
		};
		EA561B7C1AB0112900559D26 /* Release */ = {
			isa = XCBuildConfiguration;
			buildSettings = {
				ALWAYS_SEARCH_USER_PATHS = NO;
				CLANG_CXX_LANGUAGE_STANDARD = "gnu++0x";
				CLANG_CXX_LIBRARY = "libc++";
				CLANG_ENABLE_MODULES = YES;
				CLANG_ENABLE_OBJC_ARC = YES;
				CLANG_WARN_BOOL_CONVERSION = YES;
				CLANG_WARN_CONSTANT_CONVERSION = YES;
				CLANG_WARN_DIRECT_OBJC_ISA_USAGE = YES_ERROR;
				CLANG_WARN_EMPTY_BODY = YES;
				CLANG_WARN_ENUM_CONVERSION = YES;
				CLANG_WARN_INT_CONVERSION = YES;
				CLANG_WARN_OBJC_ROOT_CLASS = YES_ERROR;
				CLANG_WARN_UNREACHABLE_CODE = YES;
				CLANG_WARN__DUPLICATE_METHOD_MATCH = YES;
				"CODE_SIGN_IDENTITY[sdk=iphoneos*]" = "iPhone Developer";
				COPY_PHASE_STRIP = YES;
				ENABLE_NS_ASSERTIONS = NO;
				ENABLE_STRICT_OBJC_MSGSEND = YES;
				GCC_C_LANGUAGE_STANDARD = gnu99;
				GCC_WARN_64_TO_32_BIT_CONVERSION = YES;
				GCC_WARN_ABOUT_RETURN_TYPE = YES_ERROR;
				GCC_WARN_UNDECLARED_SELECTOR = YES;
				GCC_WARN_UNINITIALIZED_AUTOS = YES_AGGRESSIVE;
				GCC_WARN_UNUSED_FUNCTION = YES;
				GCC_WARN_UNUSED_VARIABLE = YES;
				IPHONEOS_DEPLOYMENT_TARGET = 8.1;
				MTL_ENABLE_DEBUG_INFO = NO;
				SDKROOT = iphoneos;
				TARGETED_DEVICE_FAMILY = "1,2";
				VALIDATE_PRODUCT = YES;
			};
			name = Release;
		};
		EA561B7E1AB0112900559D26 /* Debug */ = {
			isa = XCBuildConfiguration;
			buildSettings = {
				ASSETCATALOG_COMPILER_APPICON_NAME = AppIcon;
				INFOPLIST_FILE = WKAlertViewDemo/Info.plist;
				IPHONEOS_DEPLOYMENT_TARGET = 7.1;
				LD_RUNPATH_SEARCH_PATHS = "$(inherited) @executable_path/Frameworks";
				PRODUCT_NAME = "$(TARGET_NAME)";
			};
			name = Debug;
		};
		EA561B7F1AB0112900559D26 /* Release */ = {
			isa = XCBuildConfiguration;
			buildSettings = {
				ASSETCATALOG_COMPILER_APPICON_NAME = AppIcon;
				INFOPLIST_FILE = WKAlertViewDemo/Info.plist;
				IPHONEOS_DEPLOYMENT_TARGET = 7.1;
				LD_RUNPATH_SEARCH_PATHS = "$(inherited) @executable_path/Frameworks";
				PRODUCT_NAME = "$(TARGET_NAME)";
			};
			name = Release;
		};
		EA561B811AB0112900559D26 /* Debug */ = {
			isa = XCBuildConfiguration;
			buildSettings = {
				BUNDLE_LOADER = "$(TEST_HOST)";
				FRAMEWORK_SEARCH_PATHS = (
					"$(SDKROOT)/Developer/Library/Frameworks",
					"$(inherited)",
				);
				GCC_PREPROCESSOR_DEFINITIONS = (
					"DEBUG=1",
					"$(inherited)",
				);
				INFOPLIST_FILE = WKAlertViewDemoTests/Info.plist;
				LD_RUNPATH_SEARCH_PATHS = "$(inherited) @executable_path/Frameworks @loader_path/Frameworks";
				PRODUCT_NAME = "$(TARGET_NAME)";
				TEST_HOST = "$(BUILT_PRODUCTS_DIR)/WKAlertViewDemo.app/WKAlertViewDemo";
			};
			name = Debug;
		};
		EA561B821AB0112900559D26 /* Release */ = {
			isa = XCBuildConfiguration;
			buildSettings = {
				BUNDLE_LOADER = "$(TEST_HOST)";
				FRAMEWORK_SEARCH_PATHS = (
					"$(SDKROOT)/Developer/Library/Frameworks",
					"$(inherited)",
				);
				INFOPLIST_FILE = WKAlertViewDemoTests/Info.plist;
				LD_RUNPATH_SEARCH_PATHS = "$(inherited) @executable_path/Frameworks @loader_path/Frameworks";
				PRODUCT_NAME = "$(TARGET_NAME)";
				TEST_HOST = "$(BUILT_PRODUCTS_DIR)/WKAlertViewDemo.app/WKAlertViewDemo";
			};
			name = Release;
		};
/* End XCBuildConfiguration section */

/* Begin XCConfigurationList section */
		EA561B5B1AB0112900559D26 /* Build configuration list for PBXProject "WKAlertViewDemo" */ = {
			isa = XCConfigurationList;
			buildConfigurations = (
				EA561B7B1AB0112900559D26 /* Debug */,
				EA561B7C1AB0112900559D26 /* Release */,
			);
			defaultConfigurationIsVisible = 0;
			defaultConfigurationName = Release;
		};
		EA561B7D1AB0112900559D26 /* Build configuration list for PBXNativeTarget "WKAlertViewDemo" */ = {
			isa = XCConfigurationList;
			buildConfigurations = (
				EA561B7E1AB0112900559D26 /* Debug */,
				EA561B7F1AB0112900559D26 /* Release */,
			);
			defaultConfigurationIsVisible = 0;
			defaultConfigurationName = Release;
		};
		EA561B801AB0112900559D26 /* Build configuration list for PBXNativeTarget "WKAlertViewDemoTests" */ = {
			isa = XCConfigurationList;
			buildConfigurations = (
				EA561B811AB0112900559D26 /* Debug */,
				EA561B821AB0112900559D26 /* Release */,
			);
			defaultConfigurationIsVisible = 0;
			defaultConfigurationName = Release;
		};
/* End XCConfigurationList section */
	};
	rootObject = EA561B581AB0112900559D26 /* Project object */;
}
